
Microsoft Visual Studio Solution File, Format Version 12.00
# Visual Studio 15
VisualStudioVersion = 15.0.27428.2037
MinimumVisualStudioVersion = 10.0.40219.1
Project("{9A19103F-16F7-4668-BE54-9A1E7A4F7556}") = "mBarber.API", "mBarber.API\mBarber.API.csproj", "{66E24B1F-18F1-4ED3-9F7A-EF66478FF49A}"
EndProject
Project("{FAE04EC0-301F-11D3-BF4B-00C04F79EFBC}") = "mBarber.Model", "mBarber.Model\mBarber.Model.csproj", "{B959A7AF-AE27-40E3-8676-9FC7152D1DE0}"
EndProject
Project("{FAE04EC0-301F-11D3-BF4B-00C04F79EFBC}") = "mBarber.Service", "mBarber.Service\mBarber.Service.csproj", "{143ED83B-20FD-4CEE-B4E7-64A13F17A3E2}"
EndProject
Global
	GlobalSection(SolutionConfigurationPlatforms) = preSolution
		Debug|Any CPU = Debug|Any CPU
		Release|Any CPU = Release|Any CPU
	EndGlobalSection
	GlobalSection(ProjectConfigurationPlatforms) = postSolution
		{66E24B1F-18F1-4ED3-9F7A-EF66478FF49A}.Debug|Any CPU.ActiveCfg = Debug|Any CPU
		{66E24B1F-18F1-4ED3-9F7A-EF66478FF49A}.Debug|Any CPU.Build.0 = Debug|Any CPU
		{66E24B1F-18F1-4ED3-9F7A-EF66478FF49A}.Release|Any CPU.ActiveCfg = Release|Any CPU
		{66E24B1F-18F1-4ED3-9F7A-EF66478FF49A}.Release|Any CPU.Build.0 = Release|Any CPU
		{B959A7AF-AE27-40E3-8676-9FC7152D1DE0}.Debug|Any CPU.ActiveCfg = Debug|Any CPU
		{B959A7AF-AE27-40E3-8676-9FC7152D1DE0}.Debug|Any CPU.Build.0 = Debug|Any CPU
		{B959A7AF-AE27-40E3-8676-9FC7152D1DE0}.Release|Any CPU.ActiveCfg = Release|Any CPU
		{B959A7AF-AE27-40E3-8676-9FC7152D1DE0}.Release|Any CPU.Build.0 = Release|Any CPU
		{143ED83B-20FD-4CEE-B4E7-64A13F17A3E2}.Debug|Any CPU.ActiveCfg = Debug|Any CPU
		{143ED83B-20FD-4CEE-B4E7-64A13F17A3E2}.Debug|Any CPU.Build.0 = Debug|Any CPU
		{143ED83B-20FD-4CEE-B4E7-64A13F17A3E2}.Release|Any CPU.ActiveCfg = Release|Any CPU
		{143ED83B-20FD-4CEE-B4E7-64A13F17A3E2}.Release|Any CPU.Build.0 = Release|Any CPU
	EndGlobalSection
	GlobalSection(SolutionProperties) = preSolution
		HideSolutionNode = FALSE
	EndGlobalSection
	GlobalSection(ExtensibilityGlobals) = postSolution
		SolutionGuid = {F6481B78-FB5B-4CDC-B32B-2E7C383A9A1A}
	EndGlobalSection
EndGlobal
